
Microsoft Visual Studio Solution File, Format Version 12.00
# Visual Studio Version 16
VisualStudioVersion = 16.0.31005.135
MinimumVisualStudioVersion = 10.0.40219.1
Project("{8BC9CEB8-8B4A-11D0-8D11-00A0C91BC942}") = "MayaAPIWrappers", "MayaAPIWrappers.vcxproj", "{25BBB80B-F167-4E81-A3FF-E3A73F17CC9E}"
EndProject
Global
	GlobalSection(SolutionConfigurationPlatforms) = preSolution
		Debug|x64 = Debug|x64
		Release|x64 = Release|x64
	EndGlobalSection
	GlobalSection(ProjectConfigurationPlatforms) = postSolution
		{25BBB80B-F167-4E81-A3FF-E3A73F17CC9E}.Debug|x64.ActiveCfg = Debug|x64
		{25BBB80B-F167-4E81-A3FF-E3A73F17CC9E}.Debug|x64.Build.0 = Debug|x64
		{25BBB80B-F167-4E81-A3FF-E3A73F17CC9E}.Release|x64.ActiveCfg = Release|x64
		{25BBB80B-F167-4E81-A3FF-E3A73F17CC9E}.Release|x64.Build.0 = Release|x64
	EndGlobalSection
	GlobalSection(SolutionProperties) = preSolution
		HideSolutionNode = FALSE
	EndGlobalSection
	GlobalSection(ExtensibilityGlobals) = postSolution
		SolutionGuid = {C4AB2BDD-6046-41D2-B4BF-9A3F7128BDEC}
	EndGlobalSection
EndGlobal
